
Microsoft Visual Studio Solution File, Format Version 12.00
# Visual Studio 15
VisualStudioVersion = 15.0.26730.12
MinimumVisualStudioVersion = 10.0.40219.1
Project("{FAE04EC0-301F-11D3-BF4B-00C04F79EFBC}") = "PowerBIEquilizer", "PowerBIEquilizer\PowerBIEquilizer.csproj", "{66279EF6-0608-4B19-B42A-4CC1912619CB}"
EndProject
Global
	GlobalSection(SolutionConfigurationPlatforms) = preSolution
		Debug|Any CPU = Debug|Any CPU
		Release|Any CPU = Release|Any CPU
	EndGlobalSection
	GlobalSection(ProjectConfigurationPlatforms) = postSolution
		{66279EF6-0608-4B19-B42A-4CC1912619CB}.Debug|Any CPU.ActiveCfg = Debug|Any CPU
		{66279EF6-0608-4B19-B42A-4CC1912619CB}.Debug|Any CPU.Build.0 = Debug|Any CPU
		{66279EF6-0608-4B19-B42A-4CC1912619CB}.Release|Any CPU.ActiveCfg = Release|Any CPU
		{66279EF6-0608-4B19-B42A-4CC1912619CB}.Release|Any CPU.Build.0 = Release|Any CPU
	EndGlobalSection
	GlobalSection(SolutionProperties) = preSolution
		HideSolutionNode = FALSE
	EndGlobalSection
	GlobalSection(ExtensibilityGlobals) = postSolution
		SolutionGuid = {B71D5C78-24CE-4763-95EA-857AB3A879AD}
	EndGlobalSection
EndGlobal
